
Microsoft Visual Studio Solution File, Format Version 12.00
# Visual Studio Version 17
VisualStudioVersion = 17.1.32210.238
MinimumVisualStudioVersion = 10.0.40219.1
Project("{FAE04EC0-301F-11D3-BF4B-00C04F79EFBC}") = "Lab1", "Lab1\Lab1.csproj", "{8DEECC2F-85B4-4C19-8A43-18380AD9FB3C}"
EndProject
Global
	GlobalSection(SolutionConfigurationPlatforms) = preSolution
		Debug|Any CPU = Debug|Any CPU
		Release|Any CPU = Release|Any CPU
	EndGlobalSection
	GlobalSection(ProjectConfigurationPlatforms) = postSolution
		{8DEECC2F-85B4-4C19-8A43-18380AD9FB3C}.Debug|Any CPU.ActiveCfg = Debug|Any CPU
		{8DEECC2F-85B4-4C19-8A43-18380AD9FB3C}.Debug|Any CPU.Build.0 = Debug|Any CPU
		{8DEECC2F-85B4-4C19-8A43-18380AD9FB3C}.Release|Any CPU.ActiveCfg = Release|Any CPU
		{8DEECC2F-85B4-4C19-8A43-18380AD9FB3C}.Release|Any CPU.Build.0 = Release|Any CPU
	EndGlobalSection
	GlobalSection(SolutionProperties) = preSolution
		HideSolutionNode = FALSE
	EndGlobalSection
	GlobalSection(ExtensibilityGlobals) = postSolution
		SolutionGuid = {D51E36FF-1850-4954-9A87-C7C72A079B31}
	EndGlobalSection
EndGlobal
